
Microsoft Visual Studio Solution File, Format Version 12.00
# Visual Studio Version 17
VisualStudioVersion = 17.10.35027.167
MinimumVisualStudioVersion = 10.0.40219.1
Project("{FAE04EC0-301F-11D3-BF4B-00C04F79EFBC}") = "Leave-Managment-syatem", "Leave-Managment-syatem\Leave-Managment-syatem.csproj", "{B21FF881-E3B7-4D5E-AF77-ABEA7B2020E2}"
EndProject
Global
	GlobalSection(SolutionConfigurationPlatforms) = preSolution
		Debug|Any CPU = Debug|Any CPU
		Release|Any CPU = Release|Any CPU
	EndGlobalSection
	GlobalSection(ProjectConfigurationPlatforms) = postSolution
		{B21FF881-E3B7-4D5E-AF77-ABEA7B2020E2}.Debug|Any CPU.ActiveCfg = Debug|Any CPU
		{B21FF881-E3B7-4D5E-AF77-ABEA7B2020E2}.Debug|Any CPU.Build.0 = Debug|Any CPU
		{B21FF881-E3B7-4D5E-AF77-ABEA7B2020E2}.Release|Any CPU.ActiveCfg = Release|Any CPU
		{B21FF881-E3B7-4D5E-AF77-ABEA7B2020E2}.Release|Any CPU.Build.0 = Release|Any CPU
	EndGlobalSection
	GlobalSection(SolutionProperties) = preSolution
		HideSolutionNode = FALSE
	EndGlobalSection
	GlobalSection(ExtensibilityGlobals) = postSolution
		SolutionGuid = {ED00BCFC-E81F-47C5-BCAC-4E7B60F64AAF}
	EndGlobalSection
EndGlobal
